
Microsoft Visual Studio Solution File, Format Version 12.00
# Visual Studio Version 17
VisualStudioVersion = 17.0.31903.59
MinimumVisualStudioVersion = 10.0.40219.1
Project("{FAE04EC0-301F-11D3-BF4B-00C04F79EFBC}") = "Bede.Lottery.Console", "Bede.Lottery.Console\Bede.Lottery.Console.csproj", "{A4539E19-3048-48A0-90E4-D2BF5BC043F0}"
EndProject
Project("{FAE04EC0-301F-11D3-BF4B-00C04F79EFBC}") = "Bede.Lottery.Contracts", "Bede.Lottery.Contracts\Bede.Lottery.Contracts.csproj", "{CBD02422-A691-4910-B390-72F1CC90873D}"
EndProject
Project("{FAE04EC0-301F-11D3-BF4B-00C04F79EFBC}") = "Bede.Lottery.Console.Tests", "Bede.Lottery.Console.Tests\Bede.Lottery.Console.Tests.csproj", "{A75195A6-3F0C-42C0-AA3A-06EE60F70BF8}"
EndProject
Global
	GlobalSection(SolutionConfigurationPlatforms) = preSolution
		Debug|Any CPU = Debug|Any CPU
		Release|Any CPU = Release|Any CPU
	EndGlobalSection
	GlobalSection(SolutionProperties) = preSolution
		HideSolutionNode = FALSE
	EndGlobalSection
	GlobalSection(ProjectConfigurationPlatforms) = postSolution
		{A4539E19-3048-48A0-90E4-D2BF5BC043F0}.Debug|Any CPU.ActiveCfg = Debug|Any CPU
		{A4539E19-3048-48A0-90E4-D2BF5BC043F0}.Debug|Any CPU.Build.0 = Debug|Any CPU
		{A4539E19-3048-48A0-90E4-D2BF5BC043F0}.Release|Any CPU.ActiveCfg = Release|Any CPU
		{A4539E19-3048-48A0-90E4-D2BF5BC043F0}.Release|Any CPU.Build.0 = Release|Any CPU
		{CBD02422-A691-4910-B390-72F1CC90873D}.Debug|Any CPU.ActiveCfg = Debug|Any CPU
		{CBD02422-A691-4910-B390-72F1CC90873D}.Debug|Any CPU.Build.0 = Debug|Any CPU
		{CBD02422-A691-4910-B390-72F1CC90873D}.Release|Any CPU.ActiveCfg = Release|Any CPU
		{CBD02422-A691-4910-B390-72F1CC90873D}.Release|Any CPU.Build.0 = Release|Any CPU
		{A75195A6-3F0C-42C0-AA3A-06EE60F70BF8}.Debug|Any CPU.ActiveCfg = Debug|Any CPU
		{A75195A6-3F0C-42C0-AA3A-06EE60F70BF8}.Debug|Any CPU.Build.0 = Debug|Any CPU
		{A75195A6-3F0C-42C0-AA3A-06EE60F70BF8}.Release|Any CPU.ActiveCfg = Release|Any CPU
		{A75195A6-3F0C-42C0-AA3A-06EE60F70BF8}.Release|Any CPU.Build.0 = Release|Any CPU
	EndGlobalSection
EndGlobal
